{
  "name": "form-validate",
  "version": "0.1.0",
  "lockfileVersion": 1,
  "requires": true,
  "dependencies": {
    "core-js": {
      "version": "3.10.1",
      "resolved": "https://registry.npmjs.org/core-js/-/core-js-3.10.1.tgz",
      "integrity": "sha512-pwCxEXnj27XG47mu7SXAwhLP3L5CrlvCB91ANUkIz40P27kUcvNfSdvyZJ9CLHiVoKSp+TTChMQMSKQEH/IQxA=="
    },
    "country-data": {
      "version": "0.0.31",
      "resolved": "https://registry.npmjs.org/country-data/-/country-data-0.0.31.tgz",
      "integrity": "sha1-gJZrjh0Uf6bWpYnTKTP4eTd0lW0=",
      "requires": {
        "currency-symbol-map": "~2",
        "underscore": ">1.4.4"
      }
    },
    "currency-symbol-map": {
      "version": "2.2.0",
      "resolved": "https://registry.npmjs.org/currency-symbol-map/-/currency-symbol-map-2.2.0.tgz",
      "integrity": "sha1-KzwYcv8aws5ZXYJz5Y4f/wJyrqI="
    },
    "date-fns": {
      "version": "2.20.1",
      "resolved": "https://registry.npmjs.org/date-fns/-/date-fns-2.20.1.tgz",
      "integrity": "sha512-8P5M8Kxbnovd0zfvOs7ipkiVJ3/zZQ0F/nrBW4x5E+I0uAZVZ80h6CKd24fSXQ5TLK5hXMtI4yb2O5rEZdUt2A=="
    },
    "date-fns-tz": {
      "version": "1.1.3",
      "resolved": "https://registry.npmjs.org/date-fns-tz/-/date-fns-tz-1.1.3.tgz",
      "integrity": "sha512-mD26WkejWz842RggjFrKsY6ehGgyBQSJ209mn83/vsjhgQ5WbdVvBzJ0CuosnGdklDxOvOppQ/wn1UgvTOPKPw=="
    },
    "dayjs": {
      "version": "1.10.5",
      "resolved": "https://registry.npmjs.org/dayjs/-/dayjs-1.10.5.tgz",
      "integrity": "sha512-BUFis41ikLz+65iH6LHQCDm4YPMj5r1YFLdupPIyM4SGcXMmtiLQ7U37i+hGS8urIuqe7I/ou3IS1jVc4nbN4g=="
    },
    "libphonenumber-js": {
      "version": "1.9.14",
      "resolved": "https://registry.npmjs.org/libphonenumber-js/-/libphonenumber-js-1.9.14.tgz",
      "integrity": "sha512-lQEHej1NQwKwmn89ixSfvj+m7Gm6AsafuxU1BMsS22VUizQPnamVslA2d5wsHHaaXOExAvlcYjUF1C7ieTzoCg=="
    },
    "lodash": {
      "version": "4.17.20",
      "resolved": "https://registry.npmjs.org/lodash/-/lodash-4.17.20.tgz",
      "integrity": "sha512-PlhdFcillOINfeV7Ni6oF1TAEayyZBoZ8bcshTHqOYJYlrqzRK5hagpagky5o4HfCzzd1TRkXPMFq6cKk9rGmA=="
    },
    "moment": {
      "version": "2.29.1",
      "resolved": "https://registry.npmjs.org/moment/-/moment-2.29.1.tgz",
      "integrity": "sha512-kHmoybcPV8Sqy59DwNDY3Jefr64lK/by/da0ViFcuA4DH0vQg5Q6Ze5VimxkfQNSC+Mls/Kx53s7TjP1RhFEDQ=="
    },
    "moment-timezone": {
      "version": "0.5.33",
      "resolved": "https://registry.npmjs.org/moment-timezone/-/moment-timezone-0.5.33.tgz",
      "integrity": "sha512-PTc2vcT8K9J5/9rDEPe5czSIKgLoGsH8UNpA4qZTVw0Vd/Uz19geE9abbIOQKaAQFcnQ3v5YEXrbSc5BpshH+w==",
      "requires": {
        "moment": ">= 2.9.0"
      }
    },
    "ua-parser-js": {
      "version": "0.7.24",
      "resolved": "https://registry.npmjs.org/ua-parser-js/-/ua-parser-js-0.7.24.tgz",
      "integrity": "sha512-yo+miGzQx5gakzVK3QFfN0/L9uVhosXBBO7qmnk7c2iw1IhL212wfA3zbnI54B0obGwC/5NWub/iT9sReMx+Fw=="
    },
    "underscore": {
      "version": "1.12.1",
      "resolved": "https://registry.npmjs.org/underscore/-/underscore-1.12.1.tgz",
      "integrity": "sha512-hEQt0+ZLDVUMhebKxL4x1BTtDY7bavVofhZ9KZ4aI26X9SRaE+Y3m83XUL1UP2jn8ynjndwCCpEHdUG+9pP1Tw=="
    },
    "v-calendar": {
      "version": "2.3.0",
      "resolved": "https://registry.npmjs.org/v-calendar/-/v-calendar-2.3.0.tgz",
      "integrity": "sha512-OMZJaE45deO5+W5+xueVEHpwhfOGUb2sKjM7w56lCBFaEHQxeYuz3if1zMa65BI3EXU5iKizNVZM6BD8bymWyQ==",
      "requires": {
        "core-js": "^3.6.5",
        "date-fns": "^2.8.1",
        "date-fns-tz": "^1.0.12",
        "lodash": "4.17.20"
      }
    },
    "v-mask": {
      "version": "2.2.4",
      "resolved": "https://registry.npmjs.org/v-mask/-/v-mask-2.2.4.tgz",
      "integrity": "sha512-d78Rhpz/cCwLsSJ50UJ+volzylU6Iq3O4La1Aj3WTYCM0txfL9chgnCC6FHwNKqfHHtMEjdDh7gmpnsPz6tO6A=="
    },
    "visitor-info": {
      "version": "0.2.4",
      "resolved": "https://registry.npmjs.org/visitor-info/-/visitor-info-0.2.4.tgz",
      "integrity": "sha512-aeOd2rFbN98GawC7oc6IQAXFTS0o9ZyIXpLSDOxeV8twlu7lDKgrZQ5H25m7g4nEJp/7wWNEf4rNi/5O41PDsg==",
      "requires": {
        "country-data": "^0.0.31",
        "moment-timezone": "^0.5.21",
        "ua-parser-js": "^0.7.18"
      }
    },
    "vue": {
      "version": "2.6.12",
      "resolved": "https://registry.npmjs.org/vue/-/vue-2.6.12.tgz",
      "integrity": "sha512-uhmLFETqPPNyuLLbsKz6ioJ4q7AZHzD8ZVFNATNyICSZouqP2Sz0rotWQC8UNBF6VGSCs5abnKJoStA6JbCbfg=="
    },
    "vue-country-flag": {
      "version": "1.3.1",
      "resolved": "https://registry.npmjs.org/vue-country-flag/-/vue-country-flag-1.3.1.tgz",
      "integrity": "sha512-95tZqVFPYhYRAxfepz9R2Fap8VibcaL41bbD6Hj1DIASjM6iL/juB6gsIwbQ3x4ywMR0YlNhpzf+Ya5J4N5pjQ=="
    },
    "vue-multiselect": {
      "version": "2.1.6",
      "resolved": "https://registry.npmjs.org/vue-multiselect/-/vue-multiselect-2.1.6.tgz",
      "integrity": "sha512-s7jmZPlm9FeueJg1RwJtnE9KNPtME/7C8uRWSfp9/yEN4M8XcS/d+bddoyVwVnvFyRh9msFo0HWeW0vTL8Qv+w=="
    },
    "vue-phone-mask-input": {
      "version": "1.1.11",
      "resolved": "https://registry.npmjs.org/vue-phone-mask-input/-/vue-phone-mask-input-1.1.11.tgz",
      "integrity": "sha512-R7vxgHyHj3uHVfPrCyc9eIhoyMqy0TX8NHSj36tdn9qnPchoEuX/nQFe8rGQ7P+B+i7TkPeArTB8AYJO3uI0cg==",
      "requires": {
        "libphonenumber-js": "^1.7.13",
        "visitor-info": "^0.2.1",
        "vue": "^2.6.6",
        "vue-country-flag": "^1.1.0",
        "vue-the-mask": "^0.11.1"
      }
    },
    "vue-the-mask": {
      "version": "0.11.1",
      "resolved": "https://registry.npmjs.org/vue-the-mask/-/vue-the-mask-0.11.1.tgz",
      "integrity": "sha512-UquSfnSWejD0zAfcD+3jJ1chUAkOAyoxya9Lxh9acCRtrlmGcAIvd0cQYraWqKenbuZJUdum+S174atv2AuEHQ=="
    }
  }
}
